
Microsoft Visual Studio Solution File, Format Version 12.00
# Visual Studio Version 17
VisualStudioVersion = 17.4.33103.184
MinimumVisualStudioVersion = 10.0.40219.1
Project("{FAE04EC0-301F-11D3-BF4B-00C04F79EFBC}") = "01-ComandosCondicionais", "01-ComandosCondicionais\01-ComandosCondicionais.csproj", "{3C32C750-84B5-45A5-9C6B-ED3EB9FB0D12}"
EndProject
Project("{FAE04EC0-301F-11D3-BF4B-00C04F79EFBC}") = "02-ComandoWhile", "02-ComandoWhile\02-ComandoWhile.csproj", "{18D9C497-CB75-4E17-BF1F-8A22C9191308}"
EndProject
Global
	GlobalSection(SolutionConfigurationPlatforms) = preSolution
		Debug|Any CPU = Debug|Any CPU
		Release|Any CPU = Release|Any CPU
	EndGlobalSection
	GlobalSection(ProjectConfigurationPlatforms) = postSolution
		{3C32C750-84B5-45A5-9C6B-ED3EB9FB0D12}.Debug|Any CPU.ActiveCfg = Debug|Any CPU
		{3C32C750-84B5-45A5-9C6B-ED3EB9FB0D12}.Debug|Any CPU.Build.0 = Debug|Any CPU
		{3C32C750-84B5-45A5-9C6B-ED3EB9FB0D12}.Release|Any CPU.ActiveCfg = Release|Any CPU
		{3C32C750-84B5-45A5-9C6B-ED3EB9FB0D12}.Release|Any CPU.Build.0 = Release|Any CPU
		{18D9C497-CB75-4E17-BF1F-8A22C9191308}.Debug|Any CPU.ActiveCfg = Debug|Any CPU
		{18D9C497-CB75-4E17-BF1F-8A22C9191308}.Debug|Any CPU.Build.0 = Debug|Any CPU
		{18D9C497-CB75-4E17-BF1F-8A22C9191308}.Release|Any CPU.ActiveCfg = Release|Any CPU
		{18D9C497-CB75-4E17-BF1F-8A22C9191308}.Release|Any CPU.Build.0 = Release|Any CPU
	EndGlobalSection
	GlobalSection(SolutionProperties) = preSolution
		HideSolutionNode = FALSE
	EndGlobalSection
	GlobalSection(ExtensibilityGlobals) = postSolution
		SolutionGuid = {6F0AC88E-2059-4166-9FAD-FBC60101807C}
	EndGlobalSection
EndGlobal
